<?xml version="1.0" encoding="utf-8"?>
<Project ToolsVersion="4.0" xmlns="http://schemas.microsoft.com/developer/msbuild/2003">
  <ItemGroup>
    <Filter Include="Source Files">
      <UniqueIdentifier>{4FC737F1-C7A5-4376-A066-2A32D752A2FF}</UniqueIdentifier>
      <Extensions>cpp;c;cc;cxx;def;odl;idl;hpj;bat;asm;asmx</Extensions>
    </Filter>
    <Filter Include="Header Files">
      <UniqueIdentifier>{93995380-89BD-4b04-88EB-625FBE52EBFB}</UniqueIdentifier>
      <Extensions>h;hh;hpp;hxx;hm;inl;inc;xsd</Extensions>
    </Filter>
    <Filter Include="Resource Files">
      <UniqueIdentifier>{67DA6AB6-F800-4c08-8B7A-83BB121AAD01}</UniqueIdentifier>
      <Extensions>rc;ico;cur;bmp;dlg;rc2;rct;bin;rgs;gif;jpg;jpeg;jpe;resx;tiff;tif;png;wav;mfcribbon-ms</Extensions>
    </Filter>
    <Filter Include="Form Files">
      <UniqueIdentifier>{99349809-55BA-4b9d-BF79-8FDBB0286EB3}</UniqueIdentifier>
      <Extensions>ui</Extensions>
    </Filter>
    <Filter Include="Resource Files">
      <UniqueIdentifier>{D9D6E242-F8AF-46E4-B9FD-80ECBC20BA3E}</UniqueIdentifier>
      <Extensions>qrc;*</Extensions>
      <ParseFiles>false</ParseFiles>
    </Filter>
    <Filter Include="Header Files\io">
      <UniqueIdentifier>{fbae33f6-24fb-4440-b613-eddefeba7ebc}</UniqueIdentifier>
    </Filter>
    <Filter Include="Source Files\io">
      <UniqueIdentifier>{bd4e6260-1e59-4da3-99f6-cf5a4ac8b82a}</UniqueIdentifier>
    </Filter>
    <Filter Include="Header Files\ui">
      <UniqueIdentifier>{469be5cc-cee3-4200-bcd6-9be8f833464f}</UniqueIdentifier>
    </Filter>
    <Filter Include="Source Files\ui">
      <UniqueIdentifier>{5e66576b-6e58-4292-be10-340558c1cd07}</UniqueIdentifier>
    </Filter>
  </ItemGroup>
  <ItemGroup>
    <ClCompile Include="task_4_7.cpp">
      <Filter>Source Files</Filter>
    </ClCompile>
    <ClCompile Include="messages.cpp">
      <Filter>Source Files\io</Filter>
    </ClCompile>
    <ClCompile Include="configprovider.cpp">
      <Filter>Source Files\io</Filter>
    </ClCompile>
    <ClCompile Include="htmlfilewindow.cpp">
      <Filter>Source Files\ui</Filter>
    </ClCompile>
    <ClCompile Include="mainwindow.cpp">
      <Filter>Source Files\ui</Filter>
    </ClCompile>
    <ClCompile Include="loggerconfig.cpp">
      <Filter>Source Files</Filter>
    </ClCompile>
    <ClCompile Include="htmlfileprovider.cpp">
      <Filter>Source Files\io</Filter>
    </ClCompile>
  </ItemGroup>
  <ItemGroup>
    <ClInclude Include="task_4_7.hpp">
      <Filter>Header Files</Filter>
    </ClInclude>
    <ClInclude Include="qt.hpp">
      <Filter>Header Files</Filter>
    </ClInclude>
    <ClInclude Include="stl.hpp">
      <Filter>Header Files</Filter>
    </ClInclude>
    <ClInclude Include="messages.hpp">
      <Filter>Header Files\io</Filter>
    </ClInclude>
    <ClInclude Include="configprovider.hpp">
      <Filter>Header Files\io</Filter>
    </ClInclude>
    <ClInclude Include="htmlfilewindow.hpp">
      <Filter>Header Files\ui</Filter>
    </ClInclude>
    <ClInclude Include="loggerconfig.hpp">
      <Filter>Header Files</Filter>
    </ClInclude>
    <ClInclude Include="htmlfileprovider.hpp">
      <Filter>Header Files\io</Filter>
    </ClInclude>
  </ItemGroup>
  <ItemGroup>
    <QtMoc Include="mainwindow.hpp">
      <Filter>Header Files\ui</Filter>
    </QtMoc>
  </ItemGroup>
</Project>